
Microsoft Visual Studio Solution File, Format Version 12.00
# Visual Studio Version 17
VisualStudioVersion = 17.3.32825.248
MinimumVisualStudioVersion = 10.0.40219.1
Project("{FAE04EC0-301F-11D3-BF4B-00C04F79EFBC}") = "Dice Roller", "Dice Roller\Dice Roller.csproj", "{D3044900-3ED8-4535-98A5-5B784F838351}"
EndProject
Global
	GlobalSection(SolutionConfigurationPlatforms) = preSolution
		Debug|Any CPU = Debug|Any CPU
		Release|Any CPU = Release|Any CPU
	EndGlobalSection
	GlobalSection(ProjectConfigurationPlatforms) = postSolution
		{D3044900-3ED8-4535-98A5-5B784F838351}.Debug|Any CPU.ActiveCfg = Debug|Any CPU
		{D3044900-3ED8-4535-98A5-5B784F838351}.Debug|Any CPU.Build.0 = Debug|Any CPU
		{D3044900-3ED8-4535-98A5-5B784F838351}.Release|Any CPU.ActiveCfg = Release|Any CPU
		{D3044900-3ED8-4535-98A5-5B784F838351}.Release|Any CPU.Build.0 = Release|Any CPU
	EndGlobalSection
	GlobalSection(SolutionProperties) = preSolution
		HideSolutionNode = FALSE
	EndGlobalSection
	GlobalSection(ExtensibilityGlobals) = postSolution
		SolutionGuid = {899F9E62-B5DE-44E6-A2CC-93EF6A7198D5}
	EndGlobalSection
EndGlobal
